
Microsoft Visual Studio Solution File, Format Version 12.00
# Visual Studio Version 16
VisualStudioVersion = 16.0.32413.511
MinimumVisualStudioVersion = 10.0.40219.1
Project("{FAE04EC0-301F-11D3-BF4B-00C04F79EFBC}") = "MenuDemo", "MenuDemo.csproj", "{F52F44DD-295B-47A8-9626-8797BD19C76C}"
EndProject
Global
	GlobalSection(SolutionConfigurationPlatforms) = preSolution
		Debug|Any CPU = Debug|Any CPU
		Release|Any CPU = Release|Any CPU
	EndGlobalSection
	GlobalSection(ProjectConfigurationPlatforms) = postSolution
		{F52F44DD-295B-47A8-9626-8797BD19C76C}.Debug|Any CPU.ActiveCfg = Debug|Any CPU
		{F52F44DD-295B-47A8-9626-8797BD19C76C}.Debug|Any CPU.Build.0 = Debug|Any CPU
		{F52F44DD-295B-47A8-9626-8797BD19C76C}.Release|Any CPU.ActiveCfg = Release|Any CPU
		{F52F44DD-295B-47A8-9626-8797BD19C76C}.Release|Any CPU.Build.0 = Release|Any CPU
	EndGlobalSection
	GlobalSection(SolutionProperties) = preSolution
		HideSolutionNode = FALSE
	EndGlobalSection
	GlobalSection(ExtensibilityGlobals) = postSolution
		SolutionGuid = {84FE910B-F253-41F2-AFA4-0CAF8CD0199B}
	EndGlobalSection
EndGlobal
